// !$*UTF8*$!
{
	archiveVersion = 1;
	classes = {
	};
	objectVersion = 50;
	objects = {

/* Begin PBXBuildFile section */
		2DBE00599D0A77E2300AFE59 /* Pods_iOSBuckExample.framework in Frameworks */ = {isa = PBXBuildFile; fileRef = 593B9A203B7E62C792149BCF /* Pods_iOSBuckExample.framework */; };
		9BF5D2CA21C9DD5D004A7E3D /* AppDelegate.swift in Sources */ = {isa = PBXBuildFile; fileRef = 9BF5D2C921C9DD5D004A7E3D /* AppDelegate.swift */; };
		9BF5D2CC21C9DD5D004A7E3D /* ViewController.swift in Sources */ = {isa = PBXBuildFile; fileRef = 9BF5D2CB21C9DD5D004A7E3D /* ViewController.swift */; };
		9BF5D2D121C9DD5E004A7E3D /* Assets.xcassets in Resources */ = {isa = PBXBuildFile; fileRef = 9BF5D2D021C9DD5E004A7E3D /* Assets.xcassets */; };
		9BF5D2D421C9DD5E004A7E3D /* LaunchScreen.storyboard in Resources */ = {isa = PBXBuildFile; fileRef = 9BF5D2D221C9DD5E004A7E3D /* LaunchScreen.storyboard */; };
/* End PBXBuildFile section */

/* Begin PBXFileReference section */
		593B9A203B7E62C792149BCF /* Pods_iOSBuckExample.framework */ = {isa = PBXFileReference; explicitFileType = wrapper.framework; includeInIndex = 0; path = Pods_iOSBuckExample.framework; sourceTree = BUILT_PRODUCTS_DIR; };
		7A78502861CC9D23317175AA /* Pods-iOSBuckExample.debug.xcconfig */ = {isa = PBXFileReference; includeInIndex = 1; lastKnownFileType = text.xcconfig; name = "Pods-iOSBuckExample.debug.xcconfig"; path = "Pods/Target Support Files/Pods-iOSBuckExample/Pods-iOSBuckExample.debug.xcconfig"; sourceTree = "<group>"; };
		93EDD6FE5D54CB18553E8869 /* Pods-iOSBuckExample.release.xcconfig */ = {isa = PBXFileReference; includeInIndex = 1; lastKnownFileType = text.xcconfig; name = "Pods-iOSBuckExample.release.xcconfig"; path = "Pods/Target Support Files/Pods-iOSBuckExample/Pods-iOSBuckExample.release.xcconfig"; sourceTree = "<group>"; };
		9BF5D2C621C9DD5D004A7E3D /* iOSBuckExample.app */ = {isa = PBXFileReference; explicitFileType = wrapper.application; includeInIndex = 0; path = iOSBuckExample.app; sourceTree = BUILT_PRODUCTS_DIR; };
		9BF5D2C921C9DD5D004A7E3D /* AppDelegate.swift */ = {isa = PBXFileReference; lastKnownFileType = sourcecode.swift; path = AppDelegate.swift; sourceTree = "<group>"; };
		9BF5D2CB21C9DD5D004A7E3D /* ViewController.swift */ = {isa = PBXFileReference; lastKnownFileType = sourcecode.swift; path = ViewController.swift; sourceTree = "<group>"; };
		9BF5D2D021C9DD5E004A7E3D /* Assets.xcassets */ = {isa = PBXFileReference; lastKnownFileType = folder.assetcatalog; path = Assets.xcassets; sourceTree = "<group>"; };
		9BF5D2D321C9DD5E004A7E3D /* Base */ = {isa = PBXFileReference; lastKnownFileType = file.storyboard; name = Base; path = Base.lproj/LaunchScreen.storyboard; sourceTree = "<group>"; };
		9BF5D2D521C9DD5E004A7E3D /* Info.plist */ = {isa = PBXFileReference; lastKnownFileType = text.plist.xml; path = Info.plist; sourceTree = "<group>"; };
/* End PBXFileReference section */

/* Begin PBXFrameworksBuildPhase section */
		9BF5D2C321C9DD5D004A7E3D /* Frameworks */ = {
			isa = PBXFrameworksBuildPhase;
			buildActionMask = 2147483647;
			files = (
				2DBE00599D0A77E2300AFE59 /* Pods_iOSBuckExample.framework in Frameworks */,
			);
			runOnlyForDeploymentPostprocessing = 0;
		};
/* End PBXFrameworksBuildPhase section */

/* Begin PBXGroup section */
		0497ED4FC088164F0D9CC8DA /* Frameworks */ = {
			isa = PBXGroup;
			children = (
				593B9A203B7E62C792149BCF /* Pods_iOSBuckExample.framework */,
			);
			name = Frameworks;
			sourceTree = "<group>";
		};
		9BF5D2BD21C9DD5D004A7E3D = {
			isa = PBXGroup;
			children = (
				9BF5D2C821C9DD5D004A7E3D /* iOSBuckExample */,
				9BF5D2C721C9DD5D004A7E3D /* Products */,
				DF24255F17EAFB4FB6FF81F3 /* Pods */,
				0497ED4FC088164F0D9CC8DA /* Frameworks */,
			);
			sourceTree = "<group>";
		};
		9BF5D2C721C9DD5D004A7E3D /* Products */ = {
			isa = PBXGroup;
			children = (
				9BF5D2C621C9DD5D004A7E3D /* iOSBuckExample.app */,
			);
			name = Products;
			sourceTree = "<group>";
		};
		9BF5D2C821C9DD5D004A7E3D /* iOSBuckExample */ = {
			isa = PBXGroup;
			children = (
				9BF5D2C921C9DD5D004A7E3D /* AppDelegate.swift */,
				9BF5D2CB21C9DD5D004A7E3D /* ViewController.swift */,
				9BF5D2D021C9DD5E004A7E3D /* Assets.xcassets */,
				9BF5D2D221C9DD5E004A7E3D /* LaunchScreen.storyboard */,
				9BF5D2D521C9DD5E004A7E3D /* Info.plist */,
			);
			path = iOSBuckExample;
			sourceTree = "<group>";
		};
		DF24255F17EAFB4FB6FF81F3 /* Pods */ = {
			isa = PBXGroup;
			children = (
				7A78502861CC9D23317175AA /* Pods-iOSBuckExample.debug.xcconfig */,
				93EDD6FE5D54CB18553E8869 /* Pods-iOSBuckExample.release.xcconfig */,
			);
			name = Pods;
			sourceTree = "<group>";
		};
/* End PBXGroup section */

/* Begin PBXNativeTarget section */
		9BF5D2C521C9DD5D004A7E3D /* iOSBuckExample */ = {
			isa = PBXNativeTarget;
			buildConfigurationList = 9BF5D2D821C9DD5E004A7E3D /* Build configuration list for PBXNativeTarget "iOSBuckExample" */;
			buildPhases = (
				93B74B961833C57A6A6493E4 /* [CP] Check Pods Manifest.lock */,
				9BF5D2C221C9DD5D004A7E3D /* Sources */,
				9BF5D2C321C9DD5D004A7E3D /* Frameworks */,
				9BF5D2C421C9DD5D004A7E3D /* Resources */,
				F941B1EA84A42C0951171338 /* [CP] Embed Pods Frameworks */,
			);
			buildRules = (
			);
			dependencies = (
			);
			name = iOSBuckExample;
			productName = iOSBuckExample;
			productReference = 9BF5D2C621C9DD5D004A7E3D /* iOSBuckExample.app */;
			productType = "com.apple.product-type.application";
		};
/* End PBXNativeTarget section */

/* Begin PBXProject section */
		9BF5D2BE21C9DD5D004A7E3D /* Project object */ = {
			isa = PBXProject;
			attributes = {
				LastSwiftUpdateCheck = 1000;
				LastUpgradeCheck = 1000;
				ORGANIZATIONNAME = Geektree0101;
				TargetAttributes = {
					9BF5D2C521C9DD5D004A7E3D = {
						CreatedOnToolsVersion = 10.0;
					};
				};
			};
			buildConfigurationList = 9BF5D2C121C9DD5D004A7E3D /* Build configuration list for PBXProject "iOSBuckExample" */;
			compatibilityVersion = "Xcode 9.3";
			developmentRegion = en;
			hasScannedForEncodings = 0;
			knownRegions = (
				en,
				Base,
			);
			mainGroup = 9BF5D2BD21C9DD5D004A7E3D;
			productRefGroup = 9BF5D2C721C9DD5D004A7E3D /* Products */;
			projectDirPath = "";
			projectRoot = "";
			targets = (
				9BF5D2C521C9DD5D004A7E3D /* iOSBuckExample */,
			);
		};
/* End PBXProject section */

/* Begin PBXResourcesBuildPhase section */
		9BF5D2C421C9DD5D004A7E3D /* Resources */ = {
			isa = PBXResourcesBuildPhase;
			buildActionMask = 2147483647;
			files = (
				9BF5D2D421C9DD5E004A7E3D /* LaunchScreen.storyboard in Resources */,
				9BF5D2D121C9DD5E004A7E3D /* Assets.xcassets in Resources */,
			);
			runOnlyForDeploymentPostprocessing = 0;
		};
/* End PBXResourcesBuildPhase section */

/* Begin PBXShellScriptBuildPhase section */
		93B74B961833C57A6A6493E4 /* [CP] Check Pods Manifest.lock */ = {
			isa = PBXShellScriptBuildPhase;
			buildActionMask = 2147483647;
			files = (
			);
			inputFileListPaths = (
			);
			inputPaths = (
				"${PODS_PODFILE_DIR_PATH}/Podfile.lock",
				"${PODS_ROOT}/Manifest.lock",
			);
			name = "[CP] Check Pods Manifest.lock";
			outputFileListPaths = (
			);
			outputPaths = (
				"$(DERIVED_FILE_DIR)/Pods-iOSBuckExample-checkManifestLockResult.txt",
			);
			runOnlyForDeploymentPostprocessing = 0;
			shellPath = /bin/sh;
			shellScript = "diff \"${PODS_PODFILE_DIR_PATH}/Podfile.lock\" \"${PODS_ROOT}/Manifest.lock\" > /dev/null\nif [ $? != 0 ] ; then\n    # print error to STDERR\n    echo \"error: The sandbox is not in sync with the Podfile.lock. Run 'pod install' or update your CocoaPods installation.\" >&2\n    exit 1\nfi\n# This output is used by Xcode 'outputs' to avoid re-running this script phase.\necho \"SUCCESS\" > \"${SCRIPT_OUTPUT_FILE_0}\"\n";
			showEnvVarsInLog = 0;
		};
		F941B1EA84A42C0951171338 /* [CP] Embed Pods Frameworks */ = {
			isa = PBXShellScriptBuildPhase;
			buildActionMask = 2147483647;
			files = (
			);
			inputFileListPaths = (
			);
			inputPaths = (
				"${SRCROOT}/Pods/Target Support Files/Pods-iOSBuckExample/Pods-iOSBuckExample-frameworks.sh",
				"${BUILT_PRODUCTS_DIR}/RxAtomic/RxAtomic.framework",
				"${BUILT_PRODUCTS_DIR}/RxSwift/RxSwift.framework",
			);
			name = "[CP] Embed Pods Frameworks";
			outputFileListPaths = (
			);
			outputPaths = (
				"${TARGET_BUILD_DIR}/${FRAMEWORKS_FOLDER_PATH}/RxAtomic.framework",
				"${TARGET_BUILD_DIR}/${FRAMEWORKS_FOLDER_PATH}/RxSwift.framework",
			);
			runOnlyForDeploymentPostprocessing = 0;
			shellPath = /bin/sh;
			shellScript = "\"${SRCROOT}/Pods/Target Support Files/Pods-iOSBuckExample/Pods-iOSBuckExample-frameworks.sh\"\n";
			showEnvVarsInLog = 0;
		};
/* End PBXShellScriptBuildPhase section */

/* Begin PBXSourcesBuildPhase section */
		9BF5D2C221C9DD5D004A7E3D /* Sources */ = {
			isa = PBXSourcesBuildPhase;
			buildActionMask = 2147483647;
			files = (
				9BF5D2CC21C9DD5D004A7E3D /* ViewController.swift in Sources */,
				9BF5D2CA21C9DD5D004A7E3D /* AppDelegate.swift in Sources */,
			);
			runOnlyForDeploymentPostprocessing = 0;
		};
/* End PBXSourcesBuildPhase section */

/* Begin PBXVariantGroup section */
		9BF5D2D221C9DD5E004A7E3D /* LaunchScreen.storyboard */ = {
			isa = PBXVariantGroup;
			children = (
				9BF5D2D321C9DD5E004A7E3D /* Base */,
			);
			name = LaunchScreen.storyboard;
			sourceTree = "<group>";
		};
/* End PBXVariantGroup section */

/* Begin XCBuildConfiguration section */
		9BF5D2D621C9DD5E004A7E3D /* Debug */ = {
			isa = XCBuildConfiguration;
			buildSettings = {
				ALWAYS_SEARCH_USER_PATHS = NO;
				CLANG_ANALYZER_NONNULL = YES;
				CLANG_ANALYZER_NUMBER_OBJECT_CONVERSION = YES_AGGRESSIVE;
				CLANG_CXX_LANGUAGE_STANDARD = "gnu++14";
				CLANG_CXX_LIBRARY = "libc++";
				CLANG_ENABLE_MODULES = YES;
				CLANG_ENABLE_OBJC_ARC = YES;
				CLANG_ENABLE_OBJC_WEAK = YES;
				CLANG_WARN_BLOCK_CAPTURE_AUTORELEASING = YES;
				CLANG_WARN_BOOL_CONVERSION = YES;
				CLANG_WARN_COMMA = YES;
				CLANG_WARN_CONSTANT_CONVERSION = YES;
				CLANG_WARN_DEPRECATED_OBJC_IMPLEMENTATIONS = YES;
				CLANG_WARN_DIRECT_OBJC_ISA_USAGE = YES_ERROR;
				CLANG_WARN_DOCUMENTATION_COMMENTS = YES;
				CLANG_WARN_EMPTY_BODY = YES;
				CLANG_WARN_ENUM_CONVERSION = YES;
				CLANG_WARN_INFINITE_RECURSION = YES;
				CLANG_WARN_INT_CONVERSION = YES;
				CLANG_WARN_NON_LITERAL_NULL_CONVERSION = YES;
				CLANG_WARN_OBJC_IMPLICIT_RETAIN_SELF = YES;
				CLANG_WARN_OBJC_LITERAL_CONVERSION = YES;
				CLANG_WARN_OBJC_ROOT_CLASS = YES_ERROR;
				CLANG_WARN_RANGE_LOOP_ANALYSIS = YES;
				CLANG_WARN_STRICT_PROTOTYPES = YES;
				CLANG_WARN_SUSPICIOUS_MOVE = YES;
				CLANG_WARN_UNGUARDED_AVAILABILITY = YES_AGGRESSIVE;
				CLANG_WARN_UNREACHABLE_CODE = YES;
				CLANG_WARN__DUPLICATE_METHOD_MATCH = YES;
				CODE_SIGN_IDENTITY = "iPhone Developer";
				COPY_PHASE_STRIP = NO;
				DEBUG_INFORMATION_FORMAT = dwarf;
				ENABLE_STRICT_OBJC_MSGSEND = YES;
				ENABLE_TESTABILITY = YES;
				GCC_C_LANGUAGE_STANDARD = gnu11;
				GCC_DYNAMIC_NO_PIC = NO;
				GCC_NO_COMMON_BLOCKS = YES;
				GCC_OPTIMIZATION_LEVEL = 0;
				GCC_PREPROCESSOR_DEFINITIONS = (
					"DEBUG=1",
					"$(inherited)",
				);
				GCC_WARN_64_TO_32_BIT_CONVERSION = YES;
				GCC_WARN_ABOUT_RETURN_TYPE = YES_ERROR;
				GCC_WARN_UNDECLARED_SELECTOR = YES;
				GCC_WARN_UNINITIALIZED_AUTOS = YES_AGGRESSIVE;
				GCC_WARN_UNUSED_FUNCTION = YES;
				GCC_WARN_UNUSED_VARIABLE = YES;
				IPHONEOS_DEPLOYMENT_TARGET = 12.0;
				MTL_ENABLE_DEBUG_INFO = INCLUDE_SOURCE;
				MTL_FAST_MATH = YES;
				ONLY_ACTIVE_ARCH = YES;
				SDKROOT = iphoneos;
				SWIFT_ACTIVE_COMPILATION_CONDITIONS = DEBUG;
				SWIFT_OPTIMIZATION_LEVEL = "-Onone";
			};
			name = Debug;
		};
		9BF5D2D721C9DD5E004A7E3D /* Release */ = {
			isa = XCBuildConfiguration;
			buildSettings = {
				ALWAYS_SEARCH_USER_PATHS = NO;
				CLANG_ANALYZER_NONNULL = YES;
				CLANG_ANALYZER_NUMBER_OBJECT_CONVERSION = YES_AGGRESSIVE;
				CLANG_CXX_LANGUAGE_STANDARD = "gnu++14";
				CLANG_CXX_LIBRARY = "libc++";
				CLANG_ENABLE_MODULES = YES;
				CLANG_ENABLE_OBJC_ARC = YES;
				CLANG_ENABLE_OBJC_WEAK = YES;
				CLANG_WARN_BLOCK_CAPTURE_AUTORELEASING = YES;
				CLANG_WARN_BOOL_CONVERSION = YES;
				CLANG_WARN_COMMA = YES;
				CLANG_WARN_CONSTANT_CONVERSION = YES;
				CLANG_WARN_DEPRECATED_OBJC_IMPLEMENTATIONS = YES;
				CLANG_WARN_DIRECT_OBJC_ISA_USAGE = YES_ERROR;
				CLANG_WARN_DOCUMENTATION_COMMENTS = YES;
				CLANG_WARN_EMPTY_BODY = YES;
				CLANG_WARN_ENUM_CONVERSION = YES;
				CLANG_WARN_INFINITE_RECURSION = YES;
				CLANG_WARN_INT_CONVERSION = YES;
				CLANG_WARN_NON_LITERAL_NULL_CONVERSION = YES;
				CLANG_WARN_OBJC_IMPLICIT_RETAIN_SELF = YES;
				CLANG_WARN_OBJC_LITERAL_CONVERSION = YES;
				CLANG_WARN_OBJC_ROOT_CLASS = YES_ERROR;
				CLANG_WARN_RANGE_LOOP_ANALYSIS = YES;
				CLANG_WARN_STRICT_PROTOTYPES = YES;
				CLANG_WARN_SUSPICIOUS_MOVE = YES;
				CLANG_WARN_UNGUARDED_AVAILABILITY = YES_AGGRESSIVE;
				CLANG_WARN_UNREACHABLE_CODE = YES;
				CLANG_WARN__DUPLICATE_METHOD_MATCH = YES;
				CODE_SIGN_IDENTITY = "iPhone Developer";
				COPY_PHASE_STRIP = NO;
				DEBUG_INFORMATION_FORMAT = "dwarf-with-dsym";
				ENABLE_NS_ASSERTIONS = NO;
				ENABLE_STRICT_OBJC_MSGSEND = YES;
				GCC_C_LANGUAGE_STANDARD = gnu11;
				GCC_NO_COMMON_BLOCKS = YES;
				GCC_WARN_64_TO_32_BIT_CONVERSION = YES;
				GCC_WARN_ABOUT_RETURN_TYPE = YES_ERROR;
				GCC_WARN_UNDECLARED_SELECTOR = YES;
				GCC_WARN_UNINITIALIZED_AUTOS = YES_AGGRESSIVE;
				GCC_WARN_UNUSED_FUNCTION = YES;
				GCC_WARN_UNUSED_VARIABLE = YES;
				IPHONEOS_DEPLOYMENT_TARGET = 12.0;
				MTL_ENABLE_DEBUG_INFO = NO;
				MTL_FAST_MATH = YES;
				SDKROOT = iphoneos;
				SWIFT_COMPILATION_MODE = wholemodule;
				SWIFT_OPTIMIZATION_LEVEL = "-O";
				VALIDATE_PRODUCT = YES;
			};
			name = Release;
		};
		9BF5D2D921C9DD5E004A7E3D /* Debug */ = {
			isa = XCBuildConfiguration;
			baseConfigurationReference = 7A78502861CC9D23317175AA /* Pods-iOSBuckExample.debug.xcconfig */;
			buildSettings = {
				ASSETCATALOG_COMPILER_APPICON_NAME = AppIcon;
				CODE_SIGN_STYLE = Automatic;
				DEVELOPMENT_TEAM = JTEXWEH4CZ;
				INFOPLIST_FILE = iOSBuckExample/Info.plist;
				LD_RUNPATH_SEARCH_PATHS = (
					"$(inherited)",
					"@executable_path/Frameworks",
				);
				PRODUCT_BUNDLE_IDENTIFIER = Geektree0101.iOSBuckExample;
				PRODUCT_NAME = "$(TARGET_NAME)";
				SWIFT_VERSION = 4.2;
				TARGETED_DEVICE_FAMILY = "1,2";
			};
			name = Debug;
		};
		9BF5D2DA21C9DD5E004A7E3D /* Release */ = {
			isa = XCBuildConfiguration;
			baseConfigurationReference = 93EDD6FE5D54CB18553E8869 /* Pods-iOSBuckExample.release.xcconfig */;
			buildSettings = {
				ASSETCATALOG_COMPILER_APPICON_NAME = AppIcon;
				CODE_SIGN_STYLE = Automatic;
				DEVELOPMENT_TEAM = JTEXWEH4CZ;
				INFOPLIST_FILE = iOSBuckExample/Info.plist;
				LD_RUNPATH_SEARCH_PATHS = (
					"$(inherited)",
					"@executable_path/Frameworks",
				);
				PRODUCT_BUNDLE_IDENTIFIER = Geektree0101.iOSBuckExample;
				PRODUCT_NAME = "$(TARGET_NAME)";
				SWIFT_VERSION = 4.2;
				TARGETED_DEVICE_FAMILY = "1,2";
			};
			name = Release;
		};
/* End XCBuildConfiguration section */

/* Begin XCConfigurationList section */
		9BF5D2C121C9DD5D004A7E3D /* Build configuration list for PBXProject "iOSBuckExample" */ = {
			isa = XCConfigurationList;
			buildConfigurations = (
				9BF5D2D621C9DD5E004A7E3D /* Debug */,
				9BF5D2D721C9DD5E004A7E3D /* Release */,
			);
			defaultConfigurationIsVisible = 0;
			defaultConfigurationName = Release;
		};
		9BF5D2D821C9DD5E004A7E3D /* Build configuration list for PBXNativeTarget "iOSBuckExample" */ = {
			isa = XCConfigurationList;
			buildConfigurations = (
				9BF5D2D921C9DD5E004A7E3D /* Debug */,
				9BF5D2DA21C9DD5E004A7E3D /* Release */,
			);
			defaultConfigurationIsVisible = 0;
			defaultConfigurationName = Release;
		};
/* End XCConfigurationList section */
	};
	rootObject = 9BF5D2BE21C9DD5D004A7E3D /* Project object */;
}
